// !$*UTF8*$!
{
	archiveVersion = 1;
	classes = {
	};
	objectVersion = 46;
	objects = {

/* Begin PBXBuildFile section */
		FC9F30641C575A5F001C6260 /* main.m in Sources */ = {isa = PBXBuildFile; fileRef = FC9F30631C575A5F001C6260 /* main.m */; };
		FC9F30671C575A5F001C6260 /* AppDelegate.m in Sources */ = {isa = PBXBuildFile; fileRef = FC9F30661C575A5F001C6260 /* AppDelegate.m */; };
		FC9F306F1C575A5F001C6260 /* Assets.xcassets in Resources */ = {isa = PBXBuildFile; fileRef = FC9F306E1C575A5F001C6260 /* Assets.xcassets */; };
		FC9F30721C575A5F001C6260 /* LaunchScreen.storyboard in Resources */ = {isa = PBXBuildFile; fileRef = FC9F30701C575A5F001C6260 /* LaunchScreen.storyboard */; };
		FC9F307D1C575A5F001C6260 /* _DTouchDemoTests.m in Sources */ = {isa = PBXBuildFile; fileRef = FC9F307C1C575A5F001C6260 /* _DTouchDemoTests.m */; };
		FC9F30881C575A5F001C6260 /* _DTouchDemoUITests.m in Sources */ = {isa = PBXBuildFile; fileRef = FC9F30871C575A5F001C6260 /* _DTouchDemoUITests.m */; };
		FC9F309A1C575E69001C6260 /* BSTableViewController.m in Sources */ = {isa = PBXBuildFile; fileRef = FC9F30991C575E69001C6260 /* BSTableViewController.m */; };
		FC9F309D1C5763D0001C6260 /* BSDetailViewController.m in Sources */ = {isa = PBXBuildFile; fileRef = FC9F309C1C5763D0001C6260 /* BSDetailViewController.m */; };
/* End PBXBuildFile section */

/* Begin PBXContainerItemProxy section */
		FC9F30791C575A5F001C6260 /* PBXContainerItemProxy */ = {
			isa = PBXContainerItemProxy;
			containerPortal = FC9F30571C575A5F001C6260 /* Project object */;
			proxyType = 1;
			remoteGlobalIDString = FC9F305E1C575A5F001C6260;
			remoteInfo = 3DTouchDemo;
		};
		FC9F30841C575A5F001C6260 /* PBXContainerItemProxy */ = {
			isa = PBXContainerItemProxy;
			containerPortal = FC9F30571C575A5F001C6260 /* Project object */;
			proxyType = 1;
			remoteGlobalIDString = FC9F305E1C575A5F001C6260;
			remoteInfo = 3DTouchDemo;
		};
/* End PBXContainerItemProxy section */

/* Begin PBXFileReference section */
		FC9F305F1C575A5F001C6260 /* 3DTouchDemo.app */ = {isa = PBXFileReference; explicitFileType = wrapper.application; includeInIndex = 0; path = 3DTouchDemo.app; sourceTree = BUILT_PRODUCTS_DIR; };
		FC9F30631C575A5F001C6260 /* main.m */ = {isa = PBXFileReference; lastKnownFileType = sourcecode.c.objc; path = main.m; sourceTree = "<group>"; };
		FC9F30651C575A5F001C6260 /* AppDelegate.h */ = {isa = PBXFileReference; lastKnownFileType = sourcecode.c.h; path = AppDelegate.h; sourceTree = "<group>"; };
		FC9F30661C575A5F001C6260 /* AppDelegate.m */ = {isa = PBXFileReference; lastKnownFileType = sourcecode.c.objc; path = AppDelegate.m; sourceTree = "<group>"; };
		FC9F306E1C575A5F001C6260 /* Assets.xcassets */ = {isa = PBXFileReference; lastKnownFileType = folder.assetcatalog; path = Assets.xcassets; sourceTree = "<group>"; };
		FC9F30711C575A5F001C6260 /* Base */ = {isa = PBXFileReference; lastKnownFileType = file.storyboard; name = Base; path = Base.lproj/LaunchScreen.storyboard; sourceTree = "<group>"; };
		FC9F30731C575A5F001C6260 /* Info.plist */ = {isa = PBXFileReference; lastKnownFileType = text.plist.xml; path = Info.plist; sourceTree = "<group>"; };
		FC9F30781C575A5F001C6260 /* 3DTouchDemoTests.xctest */ = {isa = PBXFileReference; explicitFileType = wrapper.cfbundle; includeInIndex = 0; path = 3DTouchDemoTests.xctest; sourceTree = BUILT_PRODUCTS_DIR; };
		FC9F307C1C575A5F001C6260 /* _DTouchDemoTests.m */ = {isa = PBXFileReference; lastKnownFileType = sourcecode.c.objc; path = _DTouchDemoTests.m; sourceTree = "<group>"; };
		FC9F307E1C575A5F001C6260 /* Info.plist */ = {isa = PBXFileReference; lastKnownFileType = text.plist.xml; path = Info.plist; sourceTree = "<group>"; };
		FC9F30831C575A5F001C6260 /* 3DTouchDemoUITests.xctest */ = {isa = PBXFileReference; explicitFileType = wrapper.cfbundle; includeInIndex = 0; path = 3DTouchDemoUITests.xctest; sourceTree = BUILT_PRODUCTS_DIR; };
		FC9F30871C575A5F001C6260 /* _DTouchDemoUITests.m */ = {isa = PBXFileReference; lastKnownFileType = sourcecode.c.objc; path = _DTouchDemoUITests.m; sourceTree = "<group>"; };
		FC9F30891C575A5F001C6260 /* Info.plist */ = {isa = PBXFileReference; lastKnownFileType = text.plist.xml; path = Info.plist; sourceTree = "<group>"; };
		FC9F30981C575E69001C6260 /* BSTableViewController.h */ = {isa = PBXFileReference; fileEncoding = 4; lastKnownFileType = sourcecode.c.h; path = BSTableViewController.h; sourceTree = "<group>"; };
		FC9F30991C575E69001C6260 /* BSTableViewController.m */ = {isa = PBXFileReference; fileEncoding = 4; lastKnownFileType = sourcecode.c.objc; path = BSTableViewController.m; sourceTree = "<group>"; };
		FC9F309B1C5763D0001C6260 /* BSDetailViewController.h */ = {isa = PBXFileReference; fileEncoding = 4; lastKnownFileType = sourcecode.c.h; path = BSDetailViewController.h; sourceTree = "<group>"; };
		FC9F309C1C5763D0001C6260 /* BSDetailViewController.m */ = {isa = PBXFileReference; fileEncoding = 4; lastKnownFileType = sourcecode.c.objc; path = BSDetailViewController.m; sourceTree = "<group>"; };
/* End PBXFileReference section */

/* Begin PBXFrameworksBuildPhase section */
		FC9F305C1C575A5F001C6260 /* Frameworks */ = {
			isa = PBXFrameworksBuildPhase;
			buildActionMask = 2147483647;
			files = (
			);
			runOnlyForDeploymentPostprocessing = 0;
		};
		FC9F30751C575A5F001C6260 /* Frameworks */ = {
			isa = PBXFrameworksBuildPhase;
			buildActionMask = 2147483647;
			files = (
			);
			runOnlyForDeploymentPostprocessing = 0;
		};
		FC9F30801C575A5F001C6260 /* Frameworks */ = {
			isa = PBXFrameworksBuildPhase;
			buildActionMask = 2147483647;
			files = (
			);
			runOnlyForDeploymentPostprocessing = 0;
		};
/* End PBXFrameworksBuildPhase section */

/* Begin PBXGroup section */
		FC9F30561C575A5F001C6260 = {
			isa = PBXGroup;
			children = (
				FC9F30611C575A5F001C6260 /* 3DTouchDemo */,
				FC9F307B1C575A5F001C6260 /* 3DTouchDemoTests */,
				FC9F30861C575A5F001C6260 /* 3DTouchDemoUITests */,
				FC9F30601C575A5F001C6260 /* Products */,
			);
			sourceTree = "<group>";
		};
		FC9F30601C575A5F001C6260 /* Products */ = {
			isa = PBXGroup;
			children = (
				FC9F305F1C575A5F001C6260 /* 3DTouchDemo.app */,
				FC9F30781C575A5F001C6260 /* 3DTouchDemoTests.xctest */,
				FC9F30831C575A5F001C6260 /* 3DTouchDemoUITests.xctest */,
			);
			name = Products;
			sourceTree = "<group>";
		};
		FC9F30611C575A5F001C6260 /* 3DTouchDemo */ = {
			isa = PBXGroup;
			children = (
				FC9F30651C575A5F001C6260 /* AppDelegate.h */,
				FC9F30661C575A5F001C6260 /* AppDelegate.m */,
				FC9F306E1C575A5F001C6260 /* Assets.xcassets */,
				FC9F30701C575A5F001C6260 /* LaunchScreen.storyboard */,
				FC9F30731C575A5F001C6260 /* Info.plist */,
				FC9F30621C575A5F001C6260 /* Supporting Files */,
				FC9F30981C575E69001C6260 /* BSTableViewController.h */,
				FC9F30991C575E69001C6260 /* BSTableViewController.m */,
				FC9F309B1C5763D0001C6260 /* BSDetailViewController.h */,
				FC9F309C1C5763D0001C6260 /* BSDetailViewController.m */,
			);
			path = 3DTouchDemo;
			sourceTree = "<group>";
		};
		FC9F30621C575A5F001C6260 /* Supporting Files */ = {
			isa = PBXGroup;
			children = (
				FC9F30631C575A5F001C6260 /* main.m */,
			);
			name = "Supporting Files";
			sourceTree = "<group>";
		};
		FC9F307B1C575A5F001C6260 /* 3DTouchDemoTests */ = {
			isa = PBXGroup;
			children = (
				FC9F307C1C575A5F001C6260 /* _DTouchDemoTests.m */,
				FC9F307E1C575A5F001C6260 /* Info.plist */,
			);
			path = 3DTouchDemoTests;
			sourceTree = "<group>";
		};
		FC9F30861C575A5F001C6260 /* 3DTouchDemoUITests */ = {
			isa = PBXGroup;
			children = (
				FC9F30871C575A5F001C6260 /* _DTouchDemoUITests.m */,
				FC9F30891C575A5F001C6260 /* Info.plist */,
			);
			path = 3DTouchDemoUITests;
			sourceTree = "<group>";
		};
/* End PBXGroup section */

/* Begin PBXNativeTarget section */
		FC9F305E1C575A5F001C6260 /* 3DTouchDemo */ = {
			isa = PBXNativeTarget;
			buildConfigurationList = FC9F308C1C575A5F001C6260 /* Build configuration list for PBXNativeTarget "3DTouchDemo" */;
			buildPhases = (
				FC9F305B1C575A5F001C6260 /* Sources */,
				FC9F305C1C575A5F001C6260 /* Frameworks */,
				FC9F305D1C575A5F001C6260 /* Resources */,
			);
			buildRules = (
			);
			dependencies = (
			);
			name = 3DTouchDemo;
			productName = 3DTouchDemo;
			productReference = FC9F305F1C575A5F001C6260 /* 3DTouchDemo.app */;
			productType = "com.apple.product-type.application";
		};
		FC9F30771C575A5F001C6260 /* 3DTouchDemoTests */ = {
			isa = PBXNativeTarget;
			buildConfigurationList = FC9F308F1C575A5F001C6260 /* Build configuration list for PBXNativeTarget "3DTouchDemoTests" */;
			buildPhases = (
				FC9F30741C575A5F001C6260 /* Sources */,
				FC9F30751C575A5F001C6260 /* Frameworks */,
				FC9F30761C575A5F001C6260 /* Resources */,
			);
			buildRules = (
			);
			dependencies = (
				FC9F307A1C575A5F001C6260 /* PBXTargetDependency */,
			);
			name = 3DTouchDemoTests;
			productName = 3DTouchDemoTests;
			productReference = FC9F30781C575A5F001C6260 /* 3DTouchDemoTests.xctest */;
			productType = "com.apple.product-type.bundle.unit-test";
		};
		FC9F30821C575A5F001C6260 /* 3DTouchDemoUITests */ = {
			isa = PBXNativeTarget;
			buildConfigurationList = FC9F30921C575A5F001C6260 /* Build configuration list for PBXNativeTarget "3DTouchDemoUITests" */;
			buildPhases = (
				FC9F307F1C575A5F001C6260 /* Sources */,
				FC9F30801C575A5F001C6260 /* Frameworks */,
				FC9F30811C575A5F001C6260 /* Resources */,
			);
			buildRules = (
			);
			dependencies = (
				FC9F30851C575A5F001C6260 /* PBXTargetDependency */,
			);
			name = 3DTouchDemoUITests;
			productName = 3DTouchDemoUITests;
			productReference = FC9F30831C575A5F001C6260 /* 3DTouchDemoUITests.xctest */;
			productType = "com.apple.product-type.bundle.ui-testing";
		};
/* End PBXNativeTarget section */

/* Begin PBXProject section */
		FC9F30571C575A5F001C6260 /* Project object */ = {
			isa = PBXProject;
			attributes = {
				CLASSPREFIX = BS;
				LastUpgradeCheck = 0720;
				ORGANIZATIONNAME = roki;
				TargetAttributes = {
					FC9F305E1C575A5F001C6260 = {
						CreatedOnToolsVersion = 7.2;
					};
					FC9F30771C575A5F001C6260 = {
						CreatedOnToolsVersion = 7.2;
						TestTargetID = FC9F305E1C575A5F001C6260;
					};
					FC9F30821C575A5F001C6260 = {
						CreatedOnToolsVersion = 7.2;
						TestTargetID = FC9F305E1C575A5F001C6260;
					};
				};
			};
			buildConfigurationList = FC9F305A1C575A5F001C6260 /* Build configuration list for PBXProject "3DTouchDemo" */;
			compatibilityVersion = "Xcode 3.2";
			developmentRegion = English;
			hasScannedForEncodings = 0;
			knownRegions = (
				en,
				Base,
			);
			mainGroup = FC9F30561C575A5F001C6260;
			productRefGroup = FC9F30601C575A5F001C6260 /* Products */;
			projectDirPath = "";
			projectRoot = "";
			targets = (
				FC9F305E1C575A5F001C6260 /* 3DTouchDemo */,
				FC9F30771C575A5F001C6260 /* 3DTouchDemoTests */,
				FC9F30821C575A5F001C6260 /* 3DTouchDemoUITests */,
			);
		};
/* End PBXProject section */

/* Begin PBXResourcesBuildPhase section */
		FC9F305D1C575A5F001C6260 /* Resources */ = {
			isa = PBXResourcesBuildPhase;
			buildActionMask = 2147483647;
			files = (
				FC9F30721C575A5F001C6260 /* LaunchScreen.storyboard in Resources */,
				FC9F306F1C575A5F001C6260 /* Assets.xcassets in Resources */,
			);
			runOnlyForDeploymentPostprocessing = 0;
		};
		FC9F30761C575A5F001C6260 /* Resources */ = {
			isa = PBXResourcesBuildPhase;
			buildActionMask = 2147483647;
			files = (
			);
			runOnlyForDeploymentPostprocessing = 0;
		};
		FC9F30811C575A5F001C6260 /* Resources */ = {
			isa = PBXResourcesBuildPhase;
			buildActionMask = 2147483647;
			files = (
			);
			runOnlyForDeploymentPostprocessing = 0;
		};
/* End PBXResourcesBuildPhase section */

/* Begin PBXSourcesBuildPhase section */
		FC9F305B1C575A5F001C6260 /* Sources */ = {
			isa = PBXSourcesBuildPhase;
			buildActionMask = 2147483647;
			files = (
				FC9F30671C575A5F001C6260 /* AppDelegate.m in Sources */,
				FC9F309D1C5763D0001C6260 /* BSDetailViewController.m in Sources */,
				FC9F309A1C575E69001C6260 /* BSTableViewController.m in Sources */,
				FC9F30641C575A5F001C6260 /* main.m in Sources */,
			);
			runOnlyForDeploymentPostprocessing = 0;
		};
		FC9F30741C575A5F001C6260 /* Sources */ = {
			isa = PBXSourcesBuildPhase;
			buildActionMask = 2147483647;
			files = (
				FC9F307D1C575A5F001C6260 /* _DTouchDemoTests.m in Sources */,
			);
			runOnlyForDeploymentPostprocessing = 0;
		};
		FC9F307F1C575A5F001C6260 /* Sources */ = {
			isa = PBXSourcesBuildPhase;
			buildActionMask = 2147483647;
			files = (
				FC9F30881C575A5F001C6260 /* _DTouchDemoUITests.m in Sources */,
			);
			runOnlyForDeploymentPostprocessing = 0;
		};
/* End PBXSourcesBuildPhase section */

/* Begin PBXTargetDependency section */
		FC9F307A1C575A5F001C6260 /* PBXTargetDependency */ = {
			isa = PBXTargetDependency;
			target = FC9F305E1C575A5F001C6260 /* 3DTouchDemo */;
			targetProxy = FC9F30791C575A5F001C6260 /* PBXContainerItemProxy */;
		};
		FC9F30851C575A5F001C6260 /* PBXTargetDependency */ = {
			isa = PBXTargetDependency;
			target = FC9F305E1C575A5F001C6260 /* 3DTouchDemo */;
			targetProxy = FC9F30841C575A5F001C6260 /* PBXContainerItemProxy */;
		};
/* End PBXTargetDependency section */

/* Begin PBXVariantGroup section */
		FC9F30701C575A5F001C6260 /* LaunchScreen.storyboard */ = {
			isa = PBXVariantGroup;
			children = (
				FC9F30711C575A5F001C6260 /* Base */,
			);
			name = LaunchScreen.storyboard;
			sourceTree = "<group>";
		};
/* End PBXVariantGroup section */

/* Begin XCBuildConfiguration section */
		FC9F308A1C575A5F001C6260 /* Debug */ = {
			isa = XCBuildConfiguration;
			buildSettings = {
				ALWAYS_SEARCH_USER_PATHS = NO;
				CLANG_CXX_LANGUAGE_STANDARD = "gnu++0x";
				CLANG_CXX_LIBRARY = "libc++";
				CLANG_ENABLE_MODULES = YES;
				CLANG_ENABLE_OBJC_ARC = YES;
				CLANG_WARN_BOOL_CONVERSION = YES;
				CLANG_WARN_CONSTANT_CONVERSION = YES;
				CLANG_WARN_DIRECT_OBJC_ISA_USAGE = YES_ERROR;
				CLANG_WARN_EMPTY_BODY = YES;
				CLANG_WARN_ENUM_CONVERSION = YES;
				CLANG_WARN_INT_CONVERSION = YES;
				CLANG_WARN_OBJC_ROOT_CLASS = YES_ERROR;
				CLANG_WARN_UNREACHABLE_CODE = YES;
				CLANG_WARN__DUPLICATE_METHOD_MATCH = YES;
				"CODE_SIGN_IDENTITY[sdk=iphoneos*]" = "iPhone Developer";
				COPY_PHASE_STRIP = NO;
				DEBUG_INFORMATION_FORMAT = dwarf;
				ENABLE_STRICT_OBJC_MSGSEND = YES;
				ENABLE_TESTABILITY = YES;
				GCC_C_LANGUAGE_STANDARD = gnu99;
				GCC_DYNAMIC_NO_PIC = NO;
				GCC_NO_COMMON_BLOCKS = YES;
				GCC_OPTIMIZATION_LEVEL = 0;
				GCC_PREPROCESSOR_DEFINITIONS = (
					"DEBUG=1",
					"$(inherited)",
				);
				GCC_WARN_64_TO_32_BIT_CONVERSION = YES;
				GCC_WARN_ABOUT_RETURN_TYPE = YES_ERROR;
				GCC_WARN_UNDECLARED_SELECTOR = YES;
				GCC_WARN_UNINITIALIZED_AUTOS = YES_AGGRESSIVE;
				GCC_WARN_UNUSED_FUNCTION = YES;
				GCC_WARN_UNUSED_VARIABLE = YES;
				IPHONEOS_DEPLOYMENT_TARGET = 9.2;
				MTL_ENABLE_DEBUG_INFO = YES;
				ONLY_ACTIVE_ARCH = YES;
				SDKROOT = iphoneos;
			};
			name = Debug;
		};
		FC9F308B1C575A5F001C6260 /* Release */ = {
			isa = XCBuildConfiguration;
			buildSettings = {
				ALWAYS_SEARCH_USER_PATHS = NO;
				CLANG_CXX_LANGUAGE_STANDARD = "gnu++0x";
				CLANG_CXX_LIBRARY = "libc++";
				CLANG_ENABLE_MODULES = YES;
				CLANG_ENABLE_OBJC_ARC = YES;
				CLANG_WARN_BOOL_CONVERSION = YES;
				CLANG_WARN_CONSTANT_CONVERSION = YES;
				CLANG_WARN_DIRECT_OBJC_ISA_USAGE = YES_ERROR;
				CLANG_WARN_EMPTY_BODY = YES;
				CLANG_WARN_ENUM_CONVERSION = YES;
				CLANG_WARN_INT_CONVERSION = YES;
				CLANG_WARN_OBJC_ROOT_CLASS = YES_ERROR;
				CLANG_WARN_UNREACHABLE_CODE = YES;
				CLANG_WARN__DUPLICATE_METHOD_MATCH = YES;
				"CODE_SIGN_IDENTITY[sdk=iphoneos*]" = "iPhone Developer";
				COPY_PHASE_STRIP = NO;
				DEBUG_INFORMATION_FORMAT = "dwarf-with-dsym";
				ENABLE_NS_ASSERTIONS = NO;
				ENABLE_STRICT_OBJC_MSGSEND = YES;
				GCC_C_LANGUAGE_STANDARD = gnu99;
				GCC_NO_COMMON_BLOCKS = YES;
				GCC_WARN_64_TO_32_BIT_CONVERSION = YES;
				GCC_WARN_ABOUT_RETURN_TYPE = YES_ERROR;
				GCC_WARN_UNDECLARED_SELECTOR = YES;
				GCC_WARN_UNINITIALIZED_AUTOS = YES_AGGRESSIVE;
				GCC_WARN_UNUSED_FUNCTION = YES;
				GCC_WARN_UNUSED_VARIABLE = YES;
				IPHONEOS_DEPLOYMENT_TARGET = 9.2;
				MTL_ENABLE_DEBUG_INFO = NO;
				SDKROOT = iphoneos;
				VALIDATE_PRODUCT = YES;
			};
			name = Release;
		};
		FC9F308D1C575A5F001C6260 /* Debug */ = {
			isa = XCBuildConfiguration;
			buildSettings = {
				ASSETCATALOG_COMPILER_APPICON_NAME = AppIcon;
				INFOPLIST_FILE = 3DTouchDemo/Info.plist;
				IPHONEOS_DEPLOYMENT_TARGET = 9.0;
				LD_RUNPATH_SEARCH_PATHS = "$(inherited) @executable_path/Frameworks";
				PRODUCT_BUNDLE_IDENTIFIER = "com.tohyt.iosDev.-DTouchDemo";
				PRODUCT_NAME = "$(TARGET_NAME)";
			};
			name = Debug;
		};
		FC9F308E1C575A5F001C6260 /* Release */ = {
			isa = XCBuildConfiguration;
			buildSettings = {
				ASSETCATALOG_COMPILER_APPICON_NAME = AppIcon;
				INFOPLIST_FILE = 3DTouchDemo/Info.plist;
				IPHONEOS_DEPLOYMENT_TARGET = 9.0;
				LD_RUNPATH_SEARCH_PATHS = "$(inherited) @executable_path/Frameworks";
				PRODUCT_BUNDLE_IDENTIFIER = "com.tohyt.iosDev.-DTouchDemo";
				PRODUCT_NAME = "$(TARGET_NAME)";
			};
			name = Release;
		};
		FC9F30901C575A5F001C6260 /* Debug */ = {
			isa = XCBuildConfiguration;
			buildSettings = {
				BUNDLE_LOADER = "$(TEST_HOST)";
				INFOPLIST_FILE = 3DTouchDemoTests/Info.plist;
				LD_RUNPATH_SEARCH_PATHS = "$(inherited) @executable_path/Frameworks @loader_path/Frameworks";
				PRODUCT_BUNDLE_IDENTIFIER = "com.tohyt.iosDev.-DTouchDemoTests";
				PRODUCT_NAME = "$(TARGET_NAME)";
				TEST_HOST = "$(BUILT_PRODUCTS_DIR)/3DTouchDemo.app/3DTouchDemo";
			};
			name = Debug;
		};
		FC9F30911C575A5F001C6260 /* Release */ = {
			isa = XCBuildConfiguration;
			buildSettings = {
				BUNDLE_LOADER = "$(TEST_HOST)";
				INFOPLIST_FILE = 3DTouchDemoTests/Info.plist;
				LD_RUNPATH_SEARCH_PATHS = "$(inherited) @executable_path/Frameworks @loader_path/Frameworks";
				PRODUCT_BUNDLE_IDENTIFIER = "com.tohyt.iosDev.-DTouchDemoTests";
				PRODUCT_NAME = "$(TARGET_NAME)";
				TEST_HOST = "$(BUILT_PRODUCTS_DIR)/3DTouchDemo.app/3DTouchDemo";
			};
			name = Release;
		};
		FC9F30931C575A5F001C6260 /* Debug */ = {
			isa = XCBuildConfiguration;
			buildSettings = {
				INFOPLIST_FILE = 3DTouchDemoUITests/Info.plist;
				LD_RUNPATH_SEARCH_PATHS = "$(inherited) @executable_path/Frameworks @loader_path/Frameworks";
				PRODUCT_BUNDLE_IDENTIFIER = "com.tohyt.iosDev.-DTouchDemoUITests";
				PRODUCT_NAME = "$(TARGET_NAME)";
				TEST_TARGET_NAME = 3DTouchDemo;
				USES_XCTRUNNER = YES;
			};
			name = Debug;
		};
		FC9F30941C575A5F001C6260 /* Release */ = {
			isa = XCBuildConfiguration;
			buildSettings = {
				INFOPLIST_FILE = 3DTouchDemoUITests/Info.plist;
				LD_RUNPATH_SEARCH_PATHS = "$(inherited) @executable_path/Frameworks @loader_path/Frameworks";
				PRODUCT_BUNDLE_IDENTIFIER = "com.tohyt.iosDev.-DTouchDemoUITests";
				PRODUCT_NAME = "$(TARGET_NAME)";
				TEST_TARGET_NAME = 3DTouchDemo;
				USES_XCTRUNNER = YES;
			};
			name = Release;
		};
/* End XCBuildConfiguration section */

/* Begin XCConfigurationList section */
		FC9F305A1C575A5F001C6260 /* Build configuration list for PBXProject "3DTouchDemo" */ = {
			isa = XCConfigurationList;
			buildConfigurations = (
				FC9F308A1C575A5F001C6260 /* Debug */,
				FC9F308B1C575A5F001C6260 /* Release */,
			);
			defaultConfigurationIsVisible = 0;
			defaultConfigurationName = Release;
		};
		FC9F308C1C575A5F001C6260 /* Build configuration list for PBXNativeTarget "3DTouchDemo" */ = {
			isa = XCConfigurationList;
			buildConfigurations = (
				FC9F308D1C575A5F001C6260 /* Debug */,
				FC9F308E1C575A5F001C6260 /* Release */,
			);
			defaultConfigurationIsVisible = 0;
			defaultConfigurationName = Release;
		};
		FC9F308F1C575A5F001C6260 /* Build configuration list for PBXNativeTarget "3DTouchDemoTests" */ = {
			isa = XCConfigurationList;
			buildConfigurations = (
				FC9F30901C575A5F001C6260 /* Debug */,
				FC9F30911C575A5F001C6260 /* Release */,
			);
			defaultConfigurationIsVisible = 0;
			defaultConfigurationName = Release;
		};
		FC9F30921C575A5F001C6260 /* Build configuration list for PBXNativeTarget "3DTouchDemoUITests" */ = {
			isa = XCConfigurationList;
			buildConfigurations = (
				FC9F30931C575A5F001C6260 /* Debug */,
				FC9F30941C575A5F001C6260 /* Release */,
			);
			defaultConfigurationIsVisible = 0;
			defaultConfigurationName = Release;
		};
/* End XCConfigurationList section */
	};
	rootObject = FC9F30571C575A5F001C6260 /* Project object */;
}
